
Microsoft Visual Studio Solution File, Format Version 12.00
# Visual Studio Version 17
VisualStudioVersion = 17.12.35514.174 d17.12
MinimumVisualStudioVersion = 10.0.40219.1
Project("{FAE04EC0-301F-11D3-BF4B-00C04F79EFBC}") = "FinanceHub", "FinanceHub\FinanceHub.csproj", "{BBD5589C-D0BE-4994-80A7-C25580C6B3C8}"
EndProject
Project("{FAE04EC0-301F-11D3-BF4B-00C04F79EFBC}") = "FinanceHub.Tests", "FinanceHubTests\FinanceHub.Tests.csproj", "{A4ABBE7E-2A7A-46AA-8B95-8047B0E699E2}"
EndProject
Global
	GlobalSection(SolutionConfigurationPlatforms) = preSolution
		Debug|Any CPU = Debug|Any CPU
		Release|Any CPU = Release|Any CPU
	EndGlobalSection
	GlobalSection(ProjectConfigurationPlatforms) = postSolution
		{BBD5589C-D0BE-4994-80A7-C25580C6B3C8}.Debug|Any CPU.ActiveCfg = Debug|Any CPU
		{BBD5589C-D0BE-4994-80A7-C25580C6B3C8}.Debug|Any CPU.Build.0 = Debug|Any CPU
		{BBD5589C-D0BE-4994-80A7-C25580C6B3C8}.Release|Any CPU.ActiveCfg = Release|Any CPU
		{BBD5589C-D0BE-4994-80A7-C25580C6B3C8}.Release|Any CPU.Build.0 = Release|Any CPU
		{A4ABBE7E-2A7A-46AA-8B95-8047B0E699E2}.Debug|Any CPU.ActiveCfg = Debug|Any CPU
		{A4ABBE7E-2A7A-46AA-8B95-8047B0E699E2}.Debug|Any CPU.Build.0 = Debug|Any CPU
		{A4ABBE7E-2A7A-46AA-8B95-8047B0E699E2}.Release|Any CPU.ActiveCfg = Release|Any CPU
		{A4ABBE7E-2A7A-46AA-8B95-8047B0E699E2}.Release|Any CPU.Build.0 = Release|Any CPU
	EndGlobalSection
	GlobalSection(SolutionProperties) = preSolution
		HideSolutionNode = FALSE
	EndGlobalSection
EndGlobal
